
Microsoft Visual Studio Solution File, Format Version 12.00
# Visual Studio Version 16
VisualStudioVersion = 16.0.30011.22
MinimumVisualStudioVersion = 10.0.40219.1
Project("{FAE04EC0-301F-11D3-BF4B-00C04F79EFBC}") = "Methoden2.KostprijsBerekening2.WPF", "Methoden2.KostprijsBerekening2.WPF\Methoden2.KostprijsBerekening2.WPF.csproj", "{424AB4E0-D0C6-4990-A1DC-C5D06F57CEA3}"
EndProject
Global
	GlobalSection(SolutionConfigurationPlatforms) = preSolution
		Debug|Any CPU = Debug|Any CPU
		Release|Any CPU = Release|Any CPU
	EndGlobalSection
	GlobalSection(ProjectConfigurationPlatforms) = postSolution
		{424AB4E0-D0C6-4990-A1DC-C5D06F57CEA3}.Debug|Any CPU.ActiveCfg = Debug|Any CPU
		{424AB4E0-D0C6-4990-A1DC-C5D06F57CEA3}.Debug|Any CPU.Build.0 = Debug|Any CPU
		{424AB4E0-D0C6-4990-A1DC-C5D06F57CEA3}.Release|Any CPU.ActiveCfg = Release|Any CPU
		{424AB4E0-D0C6-4990-A1DC-C5D06F57CEA3}.Release|Any CPU.Build.0 = Release|Any CPU
	EndGlobalSection
	GlobalSection(SolutionProperties) = preSolution
		HideSolutionNode = FALSE
	EndGlobalSection
	GlobalSection(ExtensibilityGlobals) = postSolution
		SolutionGuid = {5BDD9D8B-5718-4ACA-A79A-7D4C91B7BE8F}
	EndGlobalSection
EndGlobal
